
Microsoft Visual Studio Solution File, Format Version 12.00
# Visual Studio Version 17
VisualStudioVersion = 17.7.34202.233
MinimumVisualStudioVersion = 10.0.40219.1
Project("{9A19103F-16F7-4668-BE54-9A1E7A4F7556}") = "Atv1", "Atv1.csproj", "{FF8B0BD9-0574-42A1-B7ED-442EB1604655}"
EndProject
Project("{9A19103F-16F7-4668-BE54-9A1E7A4F7556}") = "Atv2", "..\Atv2\Atv2.csproj", "{A1111E4A-7B54-4595-8FFD-445081CD9514}"
EndProject
Project("{FAE04EC0-301F-11D3-BF4B-00C04F79EFBC}") = "Atv3", "..\Atv3\Atv3.csproj", "{28E22512-8FD3-4B44-AE93-48EC96EA8AD9}"
EndProject
Project("{FAE04EC0-301F-11D3-BF4B-00C04F79EFBC}") = "Atv4", "..\Atv4\Atv4.csproj", "{C8913F85-0E31-4A65-B6F7-1BB0B94509C8}"
EndProject
Project("{FAE04EC0-301F-11D3-BF4B-00C04F79EFBC}") = "Atv5", "..\Atv5\Atv5.csproj", "{3FC5AAE6-79F5-479E-86B1-FB6D339517B0}"
EndProject
Project("{FAE04EC0-301F-11D3-BF4B-00C04F79EFBC}") = "Atv6", "..\Atv6\Atv6.csproj", "{C7FBF0CE-A533-4864-AD31-58AA28FCDA28}"
EndProject
Project("{FAE04EC0-301F-11D3-BF4B-00C04F79EFBC}") = "Atv7", "..\Atv7\Atv7.csproj", "{3C6ACCF2-5D6D-47F8-B547-38267F1F6AA1}"
EndProject
Project("{FAE04EC0-301F-11D3-BF4B-00C04F79EFBC}") = "Atv8", "..\Atv8\Atv8.csproj", "{6C5FE13D-321E-4812-9800-B03A8A8672A5}"
EndProject
Global
	GlobalSection(SolutionConfigurationPlatforms) = preSolution
		Debug|Any CPU = Debug|Any CPU
		Release|Any CPU = Release|Any CPU
	EndGlobalSection
	GlobalSection(ProjectConfigurationPlatforms) = postSolution
		{FF8B0BD9-0574-42A1-B7ED-442EB1604655}.Debug|Any CPU.ActiveCfg = Debug|Any CPU
		{FF8B0BD9-0574-42A1-B7ED-442EB1604655}.Debug|Any CPU.Build.0 = Debug|Any CPU
		{FF8B0BD9-0574-42A1-B7ED-442EB1604655}.Release|Any CPU.ActiveCfg = Release|Any CPU
		{FF8B0BD9-0574-42A1-B7ED-442EB1604655}.Release|Any CPU.Build.0 = Release|Any CPU
		{A1111E4A-7B54-4595-8FFD-445081CD9514}.Debug|Any CPU.ActiveCfg = Debug|Any CPU
		{A1111E4A-7B54-4595-8FFD-445081CD9514}.Debug|Any CPU.Build.0 = Debug|Any CPU
		{A1111E4A-7B54-4595-8FFD-445081CD9514}.Release|Any CPU.ActiveCfg = Release|Any CPU
		{A1111E4A-7B54-4595-8FFD-445081CD9514}.Release|Any CPU.Build.0 = Release|Any CPU
		{28E22512-8FD3-4B44-AE93-48EC96EA8AD9}.Debug|Any CPU.ActiveCfg = Debug|Any CPU
		{28E22512-8FD3-4B44-AE93-48EC96EA8AD9}.Debug|Any CPU.Build.0 = Debug|Any CPU
		{28E22512-8FD3-4B44-AE93-48EC96EA8AD9}.Release|Any CPU.ActiveCfg = Release|Any CPU
		{28E22512-8FD3-4B44-AE93-48EC96EA8AD9}.Release|Any CPU.Build.0 = Release|Any CPU
		{C8913F85-0E31-4A65-B6F7-1BB0B94509C8}.Debug|Any CPU.ActiveCfg = Debug|Any CPU
		{C8913F85-0E31-4A65-B6F7-1BB0B94509C8}.Debug|Any CPU.Build.0 = Debug|Any CPU
		{C8913F85-0E31-4A65-B6F7-1BB0B94509C8}.Release|Any CPU.ActiveCfg = Release|Any CPU
		{C8913F85-0E31-4A65-B6F7-1BB0B94509C8}.Release|Any CPU.Build.0 = Release|Any CPU
		{3FC5AAE6-79F5-479E-86B1-FB6D339517B0}.Debug|Any CPU.ActiveCfg = Debug|Any CPU
		{3FC5AAE6-79F5-479E-86B1-FB6D339517B0}.Debug|Any CPU.Build.0 = Debug|Any CPU
		{3FC5AAE6-79F5-479E-86B1-FB6D339517B0}.Release|Any CPU.ActiveCfg = Release|Any CPU
		{3FC5AAE6-79F5-479E-86B1-FB6D339517B0}.Release|Any CPU.Build.0 = Release|Any CPU
		{C7FBF0CE-A533-4864-AD31-58AA28FCDA28}.Debug|Any CPU.ActiveCfg = Debug|Any CPU
		{C7FBF0CE-A533-4864-AD31-58AA28FCDA28}.Debug|Any CPU.Build.0 = Debug|Any CPU
		{C7FBF0CE-A533-4864-AD31-58AA28FCDA28}.Release|Any CPU.ActiveCfg = Release|Any CPU
		{C7FBF0CE-A533-4864-AD31-58AA28FCDA28}.Release|Any CPU.Build.0 = Release|Any CPU
		{3C6ACCF2-5D6D-47F8-B547-38267F1F6AA1}.Debug|Any CPU.ActiveCfg = Debug|Any CPU
		{3C6ACCF2-5D6D-47F8-B547-38267F1F6AA1}.Debug|Any CPU.Build.0 = Debug|Any CPU
		{3C6ACCF2-5D6D-47F8-B547-38267F1F6AA1}.Release|Any CPU.ActiveCfg = Release|Any CPU
		{3C6ACCF2-5D6D-47F8-B547-38267F1F6AA1}.Release|Any CPU.Build.0 = Release|Any CPU
		{6C5FE13D-321E-4812-9800-B03A8A8672A5}.Debug|Any CPU.ActiveCfg = Debug|Any CPU
		{6C5FE13D-321E-4812-9800-B03A8A8672A5}.Debug|Any CPU.Build.0 = Debug|Any CPU
		{6C5FE13D-321E-4812-9800-B03A8A8672A5}.Release|Any CPU.ActiveCfg = Release|Any CPU
		{6C5FE13D-321E-4812-9800-B03A8A8672A5}.Release|Any CPU.Build.0 = Release|Any CPU
	EndGlobalSection
	GlobalSection(SolutionProperties) = preSolution
		HideSolutionNode = FALSE
	EndGlobalSection
	GlobalSection(ExtensibilityGlobals) = postSolution
		SolutionGuid = {0181BEDE-2D52-4F1E-B12B-DC995608BDB5}
	EndGlobalSection
EndGlobal
